
Microsoft Visual Studio Solution File, Format Version 12.00
# Visual Studio Version 17
VisualStudioVersion = 17.5.33627.172
MinimumVisualStudioVersion = 10.0.40219.1
Project("{2150E333-8FDC-42A3-9474-1A3956D46DE8}") = "Home_Work", "Home_Work", "{A02EF9BA-0FF0-4F85-8EC0-5DD0D3E0B731}"
EndProject
Project("{8BC9CEB8-8B4A-11D0-8D11-00A0C91BC942}") = "HomeWork0519", "HomeWork0519\HomeWork0519.vcxproj", "{13845B12-1D79-4F67-AF1F-FF2E6EF668CC}"
EndProject
Project("{8BC9CEB8-8B4A-11D0-8D11-00A0C91BC942}") = "HomeWork0518", "HomeWork0518\HomeWork0518.vcxproj", "{321450C9-43AE-4B1A-80D5-214DD239C81D}"
EndProject
Project("{8BC9CEB8-8B4A-11D0-8D11-00A0C91BC942}") = "HomeWork0522", "HomeWork0522\HomeWork0522.vcxproj", "{9DA91F92-3EE2-4F47-BDF5-C27576459FF2}"
EndProject
Project("{8BC9CEB8-8B4A-11D0-8D11-00A0C91BC942}") = "ConsoleGame0524", "ConsoleGame0524\ConsoleGame0524.vcxproj", "{CD34D726-30AA-4976-BC02-ACE136813340}"
EndProject
Project("{2150E333-8FDC-42A3-9474-1A3956D46DE8}") = "HW_ConsoleGame0525", "HW_ConsoleGame0525", "{1171C8D0-EDA2-40E9-BE4B-FF161B9B4D3A}"
EndProject
Project("{8BC9CEB8-8B4A-11D0-8D11-00A0C91BC942}") = "Main_Project", "Main_Project\Main_Project.vcxproj", "{68E2EB36-8243-405B-83CE-49F385DB474B}"
EndProject
Project("{8BC9CEB8-8B4A-11D0-8D11-00A0C91BC942}") = "HomeWork0531", "HomeWork0531\HomeWork0531.vcxproj", "{C9E20B20-53D6-4A5E-9BAE-299132F3E28F}"
EndProject
Global
	GlobalSection(SolutionConfigurationPlatforms) = preSolution
		Debug|x64 = Debug|x64
		Debug|x86 = Debug|x86
		Release|x64 = Release|x64
		Release|x86 = Release|x86
	EndGlobalSection
	GlobalSection(ProjectConfigurationPlatforms) = postSolution
		{13845B12-1D79-4F67-AF1F-FF2E6EF668CC}.Debug|x64.ActiveCfg = Debug|x64
		{13845B12-1D79-4F67-AF1F-FF2E6EF668CC}.Debug|x64.Build.0 = Debug|x64
		{13845B12-1D79-4F67-AF1F-FF2E6EF668CC}.Debug|x86.ActiveCfg = Debug|Win32
		{13845B12-1D79-4F67-AF1F-FF2E6EF668CC}.Debug|x86.Build.0 = Debug|Win32
		{13845B12-1D79-4F67-AF1F-FF2E6EF668CC}.Release|x64.ActiveCfg = Release|x64
		{13845B12-1D79-4F67-AF1F-FF2E6EF668CC}.Release|x64.Build.0 = Release|x64
		{13845B12-1D79-4F67-AF1F-FF2E6EF668CC}.Release|x86.ActiveCfg = Release|Win32
		{13845B12-1D79-4F67-AF1F-FF2E6EF668CC}.Release|x86.Build.0 = Release|Win32
		{321450C9-43AE-4B1A-80D5-214DD239C81D}.Debug|x64.ActiveCfg = Debug|x64
		{321450C9-43AE-4B1A-80D5-214DD239C81D}.Debug|x64.Build.0 = Debug|x64
		{321450C9-43AE-4B1A-80D5-214DD239C81D}.Debug|x86.ActiveCfg = Debug|Win32
		{321450C9-43AE-4B1A-80D5-214DD239C81D}.Debug|x86.Build.0 = Debug|Win32
		{321450C9-43AE-4B1A-80D5-214DD239C81D}.Release|x64.ActiveCfg = Release|x64
		{321450C9-43AE-4B1A-80D5-214DD239C81D}.Release|x64.Build.0 = Release|x64
		{321450C9-43AE-4B1A-80D5-214DD239C81D}.Release|x86.ActiveCfg = Release|Win32
		{321450C9-43AE-4B1A-80D5-214DD239C81D}.Release|x86.Build.0 = Release|Win32
		{9DA91F92-3EE2-4F47-BDF5-C27576459FF2}.Debug|x64.ActiveCfg = Debug|x64
		{9DA91F92-3EE2-4F47-BDF5-C27576459FF2}.Debug|x64.Build.0 = Debug|x64
		{9DA91F92-3EE2-4F47-BDF5-C27576459FF2}.Debug|x86.ActiveCfg = Debug|Win32
		{9DA91F92-3EE2-4F47-BDF5-C27576459FF2}.Debug|x86.Build.0 = Debug|Win32
		{9DA91F92-3EE2-4F47-BDF5-C27576459FF2}.Release|x64.ActiveCfg = Release|x64
		{9DA91F92-3EE2-4F47-BDF5-C27576459FF2}.Release|x64.Build.0 = Release|x64
		{9DA91F92-3EE2-4F47-BDF5-C27576459FF2}.Release|x86.ActiveCfg = Release|Win32
		{9DA91F92-3EE2-4F47-BDF5-C27576459FF2}.Release|x86.Build.0 = Release|Win32
		{CD34D726-30AA-4976-BC02-ACE136813340}.Debug|x64.ActiveCfg = Debug|x64
		{CD34D726-30AA-4976-BC02-ACE136813340}.Debug|x64.Build.0 = Debug|x64
		{CD34D726-30AA-4976-BC02-ACE136813340}.Debug|x86.ActiveCfg = Debug|Win32
		{CD34D726-30AA-4976-BC02-ACE136813340}.Debug|x86.Build.0 = Debug|Win32
		{CD34D726-30AA-4976-BC02-ACE136813340}.Release|x64.ActiveCfg = Release|x64
		{CD34D726-30AA-4976-BC02-ACE136813340}.Release|x64.Build.0 = Release|x64
		{CD34D726-30AA-4976-BC02-ACE136813340}.Release|x86.ActiveCfg = Release|Win32
		{CD34D726-30AA-4976-BC02-ACE136813340}.Release|x86.Build.0 = Release|Win32
		{68E2EB36-8243-405B-83CE-49F385DB474B}.Debug|x64.ActiveCfg = Debug|x64
		{68E2EB36-8243-405B-83CE-49F385DB474B}.Debug|x64.Build.0 = Debug|x64
		{68E2EB36-8243-405B-83CE-49F385DB474B}.Debug|x86.ActiveCfg = Debug|Win32
		{68E2EB36-8243-405B-83CE-49F385DB474B}.Debug|x86.Build.0 = Debug|Win32
		{68E2EB36-8243-405B-83CE-49F385DB474B}.Release|x64.ActiveCfg = Release|x64
		{68E2EB36-8243-405B-83CE-49F385DB474B}.Release|x64.Build.0 = Release|x64
		{68E2EB36-8243-405B-83CE-49F385DB474B}.Release|x86.ActiveCfg = Release|Win32
		{68E2EB36-8243-405B-83CE-49F385DB474B}.Release|x86.Build.0 = Release|Win32
		{C9E20B20-53D6-4A5E-9BAE-299132F3E28F}.Debug|x64.ActiveCfg = Debug|x64
		{C9E20B20-53D6-4A5E-9BAE-299132F3E28F}.Debug|x64.Build.0 = Debug|x64
		{C9E20B20-53D6-4A5E-9BAE-299132F3E28F}.Debug|x86.ActiveCfg = Debug|Win32
		{C9E20B20-53D6-4A5E-9BAE-299132F3E28F}.Debug|x86.Build.0 = Debug|Win32
		{C9E20B20-53D6-4A5E-9BAE-299132F3E28F}.Release|x64.ActiveCfg = Release|x64
		{C9E20B20-53D6-4A5E-9BAE-299132F3E28F}.Release|x64.Build.0 = Release|x64
		{C9E20B20-53D6-4A5E-9BAE-299132F3E28F}.Release|x86.ActiveCfg = Release|Win32
		{C9E20B20-53D6-4A5E-9BAE-299132F3E28F}.Release|x86.Build.0 = Release|Win32
	EndGlobalSection
	GlobalSection(SolutionProperties) = preSolution
		HideSolutionNode = FALSE
	EndGlobalSection
	GlobalSection(NestedProjects) = preSolution
		{13845B12-1D79-4F67-AF1F-FF2E6EF668CC} = {A02EF9BA-0FF0-4F85-8EC0-5DD0D3E0B731}
		{321450C9-43AE-4B1A-80D5-214DD239C81D} = {A02EF9BA-0FF0-4F85-8EC0-5DD0D3E0B731}
		{9DA91F92-3EE2-4F47-BDF5-C27576459FF2} = {A02EF9BA-0FF0-4F85-8EC0-5DD0D3E0B731}
		{CD34D726-30AA-4976-BC02-ACE136813340} = {A02EF9BA-0FF0-4F85-8EC0-5DD0D3E0B731}
		{68E2EB36-8243-405B-83CE-49F385DB474B} = {1171C8D0-EDA2-40E9-BE4B-FF161B9B4D3A}
		{C9E20B20-53D6-4A5E-9BAE-299132F3E28F} = {A02EF9BA-0FF0-4F85-8EC0-5DD0D3E0B731}
	EndGlobalSection
	GlobalSection(ExtensibilityGlobals) = postSolution
		SolutionGuid = {071183E1-C4E9-4340-99DE-370EAD78E339}
	EndGlobalSection
EndGlobal
